
Microsoft Visual Studio Solution File, Format Version 12.00
# Visual Studio Version 17
VisualStudioVersion = 17.5.33516.290
MinimumVisualStudioVersion = 10.0.40219.1
Project("{8BC9CEB8-8B4A-11D0-8D11-00A0C91BC942}") = "StringDump", "StringDump.vcxproj", "{AC30DA2E-5A6D-49B1-97B8-00726ADEC13B}"
EndProject
Global
	GlobalSection(SolutionConfigurationPlatforms) = preSolution
		Debug|x64 = Debug|x64
		Debug|x86 = Debug|x86
		Release|x64 = Release|x64
		Release|x86 = Release|x86
	EndGlobalSection
	GlobalSection(ProjectConfigurationPlatforms) = postSolution
		{AC30DA2E-5A6D-49B1-97B8-00726ADEC13B}.Debug|x64.ActiveCfg = Debug|x64
		{AC30DA2E-5A6D-49B1-97B8-00726ADEC13B}.Debug|x64.Build.0 = Debug|x64
		{AC30DA2E-5A6D-49B1-97B8-00726ADEC13B}.Debug|x86.ActiveCfg = Debug|Win32
		{AC30DA2E-5A6D-49B1-97B8-00726ADEC13B}.Debug|x86.Build.0 = Debug|Win32
		{AC30DA2E-5A6D-49B1-97B8-00726ADEC13B}.Release|x64.ActiveCfg = Release|x64
		{AC30DA2E-5A6D-49B1-97B8-00726ADEC13B}.Release|x64.Build.0 = Release|x64
		{AC30DA2E-5A6D-49B1-97B8-00726ADEC13B}.Release|x86.ActiveCfg = Release|Win32
		{AC30DA2E-5A6D-49B1-97B8-00726ADEC13B}.Release|x86.Build.0 = Release|Win32
	EndGlobalSection
	GlobalSection(SolutionProperties) = preSolution
		HideSolutionNode = FALSE
	EndGlobalSection
	GlobalSection(ExtensibilityGlobals) = postSolution
		SolutionGuid = {D69A5EC6-3CF1-42D8-BDE6-52999F72378D}
	EndGlobalSection
EndGlobal
